
Microsoft Visual Studio Solution File, Format Version 12.00
# Visual Studio Version 16
VisualStudioVersion = 16.0.31321.278
MinimumVisualStudioVersion = 10.0.40219.1
Project("{FAE04EC0-301F-11D3-BF4B-00C04F79EFBC}") = "WebApp", "WebApp\WebApp.csproj", "{5F999C12-51B1-4BD1-BCA7-170C29DFC1E7}"
EndProject
Project("{FAE04EC0-301F-11D3-BF4B-00C04F79EFBC}") = "Service", "Service\Service.csproj", "{C18DEE93-B5B8-4276-AB28-D6621C20C293}"
EndProject
Project("{2150E333-8FDC-42A3-9474-1A3956D46DE8}") = "1 - Aplicacao", "1 - Aplicacao", "{7AA3AD41-B39C-406B-845E-E60F53302940}"
EndProject
Project("{2150E333-8FDC-42A3-9474-1A3956D46DE8}") = "2 - Service", "2 - Service", "{02B2A97A-8B48-4794-ACC8-B13525BF5FD6}"
EndProject
Project("{2150E333-8FDC-42A3-9474-1A3956D46DE8}") = "3 - Domain", "3 - Domain", "{ACA4171E-B01A-40CE-BC0D-4F2E96B84F80}"
EndProject
Project("{FAE04EC0-301F-11D3-BF4B-00C04F79EFBC}") = "Domain", "Domain\Domain.csproj", "{59239141-646C-46B3-91B1-E481A30C00BA}"
EndProject
Global
	GlobalSection(SolutionConfigurationPlatforms) = preSolution
		Debug|Any CPU = Debug|Any CPU
		Release|Any CPU = Release|Any CPU
	EndGlobalSection
	GlobalSection(ProjectConfigurationPlatforms) = postSolution
		{5F999C12-51B1-4BD1-BCA7-170C29DFC1E7}.Debug|Any CPU.ActiveCfg = Debug|Any CPU
		{5F999C12-51B1-4BD1-BCA7-170C29DFC1E7}.Debug|Any CPU.Build.0 = Debug|Any CPU
		{5F999C12-51B1-4BD1-BCA7-170C29DFC1E7}.Release|Any CPU.ActiveCfg = Release|Any CPU
		{5F999C12-51B1-4BD1-BCA7-170C29DFC1E7}.Release|Any CPU.Build.0 = Release|Any CPU
		{C18DEE93-B5B8-4276-AB28-D6621C20C293}.Debug|Any CPU.ActiveCfg = Debug|Any CPU
		{C18DEE93-B5B8-4276-AB28-D6621C20C293}.Debug|Any CPU.Build.0 = Debug|Any CPU
		{C18DEE93-B5B8-4276-AB28-D6621C20C293}.Release|Any CPU.ActiveCfg = Release|Any CPU
		{C18DEE93-B5B8-4276-AB28-D6621C20C293}.Release|Any CPU.Build.0 = Release|Any CPU
		{59239141-646C-46B3-91B1-E481A30C00BA}.Debug|Any CPU.ActiveCfg = Debug|Any CPU
		{59239141-646C-46B3-91B1-E481A30C00BA}.Debug|Any CPU.Build.0 = Debug|Any CPU
		{59239141-646C-46B3-91B1-E481A30C00BA}.Release|Any CPU.ActiveCfg = Release|Any CPU
		{59239141-646C-46B3-91B1-E481A30C00BA}.Release|Any CPU.Build.0 = Release|Any CPU
	EndGlobalSection
	GlobalSection(SolutionProperties) = preSolution
		HideSolutionNode = FALSE
	EndGlobalSection
	GlobalSection(NestedProjects) = preSolution
		{5F999C12-51B1-4BD1-BCA7-170C29DFC1E7} = {7AA3AD41-B39C-406B-845E-E60F53302940}
		{C18DEE93-B5B8-4276-AB28-D6621C20C293} = {02B2A97A-8B48-4794-ACC8-B13525BF5FD6}
		{59239141-646C-46B3-91B1-E481A30C00BA} = {ACA4171E-B01A-40CE-BC0D-4F2E96B84F80}
	EndGlobalSection
	GlobalSection(ExtensibilityGlobals) = postSolution
		SolutionGuid = {BC1A2995-75BD-4FBA-8CAC-FFFA99B02054}
	EndGlobalSection
EndGlobal
